
Microsoft Visual Studio Solution File, Format Version 12.00
# Visual Studio 15
VisualStudioVersion = 15.0.27703.2042
MinimumVisualStudioVersion = 10.0.40219.1
Project("{FAE04EC0-301F-11D3-BF4B-00C04F79EFBC}") = "LinqHomeWork", "LinqHomeWork\LinqHomeWork.csproj", "{A4B64D13-80D3-4B96-AA39-D20B37203583}"
EndProject
Global
	GlobalSection(SolutionConfigurationPlatforms) = preSolution
		Debug|Any CPU = Debug|Any CPU
		Release|Any CPU = Release|Any CPU
	EndGlobalSection
	GlobalSection(ProjectConfigurationPlatforms) = postSolution
		{A4B64D13-80D3-4B96-AA39-D20B37203583}.Debug|Any CPU.ActiveCfg = Debug|Any CPU
		{A4B64D13-80D3-4B96-AA39-D20B37203583}.Debug|Any CPU.Build.0 = Debug|Any CPU
		{A4B64D13-80D3-4B96-AA39-D20B37203583}.Release|Any CPU.ActiveCfg = Release|Any CPU
		{A4B64D13-80D3-4B96-AA39-D20B37203583}.Release|Any CPU.Build.0 = Release|Any CPU
	EndGlobalSection
	GlobalSection(SolutionProperties) = preSolution
		HideSolutionNode = FALSE
	EndGlobalSection
	GlobalSection(ExtensibilityGlobals) = postSolution
		SolutionGuid = {5CA2FE96-0BE2-474D-80F3-CA2C56CACA79}
	EndGlobalSection
EndGlobal
